{
  "object": {
    "pins": [
      {
        "package": "Convey",
        "repositoryURL": "https://github.com/ios-tooling/Convey.git",
        "state": {
          "branch": null,
          "revision": "6ed08bfbe6351658cffd3532a1d3f91d84560b05",
          "version": "2.2.3"
        }
      },
      {
        "package": "CrossPlatformKit",
        "repositoryURL": "https://github.com/ios-tooling/CrossPlatformKit.git",
        "state": {
          "branch": null,
          "revision": "b63d2081d3e3c7a1212cca6bfd8675a0c46375da",
          "version": "1.0.10"
        }
      },
      {
        "package": "Suite",
        "repositoryURL": "https://github.com/ios-tooling/Suite.git",
        "state": {
          "branch": null,
          "revision": "4c81a72583e6ce086db7e5af3d6b263a9236d3a2",
          "version": "1.1.16"
        }
      },
      {
        "package": "swift-syntax",
        "repositoryURL": "https://github.com/apple/swift-syntax",
        "state": {
          "branch": null,
          "revision": "64889f0c732f210a935a0ad7cda38f77f876262d",
          "version": "509.1.1"
        }
      }
    ]
  },
  "version": 1
}
